
Microsoft Visual Studio Solution File, Format Version 12.00
# Visual Studio Version 17
VisualStudioVersion = 17.11.35222.181
MinimumVisualStudioVersion = 10.0.40219.1
Project("{FAE04EC0-301F-11D3-BF4B-00C04F79EFBC}") = "MyPortfolioUdemy", "MyPortfolioUdemy\MyPortfolioUdemy.csproj", "{BDE39635-5AEC-453B-86AE-CF6CD91AB27B}"
EndProject
Global
	GlobalSection(SolutionConfigurationPlatforms) = preSolution
		Debug|Any CPU = Debug|Any CPU
		Release|Any CPU = Release|Any CPU
	EndGlobalSection
	GlobalSection(ProjectConfigurationPlatforms) = postSolution
		{BDE39635-5AEC-453B-86AE-CF6CD91AB27B}.Debug|Any CPU.ActiveCfg = Debug|Any CPU
		{BDE39635-5AEC-453B-86AE-CF6CD91AB27B}.Debug|Any CPU.Build.0 = Debug|Any CPU
		{BDE39635-5AEC-453B-86AE-CF6CD91AB27B}.Release|Any CPU.ActiveCfg = Release|Any CPU
		{BDE39635-5AEC-453B-86AE-CF6CD91AB27B}.Release|Any CPU.Build.0 = Release|Any CPU
	EndGlobalSection
	GlobalSection(SolutionProperties) = preSolution
		HideSolutionNode = FALSE
	EndGlobalSection
	GlobalSection(ExtensibilityGlobals) = postSolution
		SolutionGuid = {37DBF83A-3589-4604-8797-1D0AA211501E}
	EndGlobalSection
EndGlobal
